
Microsoft Visual Studio Solution File, Format Version 12.00
# Visual Studio Version 16
VisualStudioVersion = 16.0.32002.261
MinimumVisualStudioVersion = 10.0.40219.1
Project("{FAE04EC0-301F-11D3-BF4B-00C04F79EFBC}") = "RoomBookToExcel", "RoomBookToExcel\RoomBookToExcel.csproj", "{CE3A8304-8DCA-436E-940D-F67A7323CC94}"
EndProject
Global
	GlobalSection(SolutionConfigurationPlatforms) = preSolution
		R2019|Any CPU = R2019|Any CPU
		R2020|Any CPU = R2020|Any CPU
		R2021|Any CPU = R2021|Any CPU
		R2022|Any CPU = R2022|Any CPU
		R2023|Any CPU = R2023|Any CPU
		R2024|Any CPU = R2024|Any CPU
	EndGlobalSection
	GlobalSection(ProjectConfigurationPlatforms) = postSolution
		{CE3A8304-8DCA-436E-940D-F67A7323CC94}.R2019|Any CPU.ActiveCfg = R2019|Any CPU
		{CE3A8304-8DCA-436E-940D-F67A7323CC94}.R2019|Any CPU.Build.0 = R2019|Any CPU
		{CE3A8304-8DCA-436E-940D-F67A7323CC94}.R2020|Any CPU.ActiveCfg = R2020|Any CPU
		{CE3A8304-8DCA-436E-940D-F67A7323CC94}.R2020|Any CPU.Build.0 = R2020|Any CPU
		{CE3A8304-8DCA-436E-940D-F67A7323CC94}.R2021|Any CPU.ActiveCfg = R2021|Any CPU
		{CE3A8304-8DCA-436E-940D-F67A7323CC94}.R2021|Any CPU.Build.0 = R2021|Any CPU
		{CE3A8304-8DCA-436E-940D-F67A7323CC94}.R2022|Any CPU.ActiveCfg = R2022|Any CPU
		{CE3A8304-8DCA-436E-940D-F67A7323CC94}.R2022|Any CPU.Build.0 = R2022|Any CPU
		{CE3A8304-8DCA-436E-940D-F67A7323CC94}.R2023|Any CPU.ActiveCfg = R2023|Any CPU
		{CE3A8304-8DCA-436E-940D-F67A7323CC94}.R2023|Any CPU.Build.0 = R2023|Any CPU
		{CE3A8304-8DCA-436E-940D-F67A7323CC94}.R2024|Any CPU.ActiveCfg = R2024|Any CPU
		{CE3A8304-8DCA-436E-940D-F67A7323CC94}.R2024|Any CPU.Build.0 = R2024|Any CPU
	EndGlobalSection
	GlobalSection(SolutionProperties) = preSolution
		HideSolutionNode = FALSE
	EndGlobalSection
	GlobalSection(ExtensibilityGlobals) = postSolution
		SolutionGuid = {75C07BE1-76F8-4173-BFB2-8EB94B83C210}
	EndGlobalSection
EndGlobal
